
Microsoft Visual Studio Solution File, Format Version 12.00
# Visual Studio Version 16
VisualStudioVersion = 16.0.30717.126
MinimumVisualStudioVersion = 10.0.40219.1
Project("{FAE04EC0-301F-11D3-BF4B-00C04F79EFBC}") = "DI_Tema4_Ejer3", "DI_Tema4_Ejer3\DI_Tema4_Ejer3.csproj", "{525031C9-3041-40F9-AFFD-9BE8AA8A1177}"
EndProject
Global
	GlobalSection(SolutionConfigurationPlatforms) = preSolution
		Debug|Any CPU = Debug|Any CPU
		Release|Any CPU = Release|Any CPU
	EndGlobalSection
	GlobalSection(ProjectConfigurationPlatforms) = postSolution
		{525031C9-3041-40F9-AFFD-9BE8AA8A1177}.Debug|Any CPU.ActiveCfg = Debug|Any CPU
		{525031C9-3041-40F9-AFFD-9BE8AA8A1177}.Debug|Any CPU.Build.0 = Debug|Any CPU
		{525031C9-3041-40F9-AFFD-9BE8AA8A1177}.Release|Any CPU.ActiveCfg = Release|Any CPU
		{525031C9-3041-40F9-AFFD-9BE8AA8A1177}.Release|Any CPU.Build.0 = Release|Any CPU
	EndGlobalSection
	GlobalSection(SolutionProperties) = preSolution
		HideSolutionNode = FALSE
	EndGlobalSection
	GlobalSection(ExtensibilityGlobals) = postSolution
		SolutionGuid = {B4F7E911-FFF2-4F08-8523-2E17C041D3A3}
	EndGlobalSection
EndGlobal
